// !$*UTF8*$!
{
	archiveVersion = 1;
	classes = {
	};
	objectVersion = 55;
	objects = {

/* Begin PBXBuildFile section */
		D7057FAF284A8CC70008E7E3 /* Extension + View.swift in Sources */ = {isa = PBXBuildFile; fileRef = D7057FAE284A8CC70008E7E3 /* Extension + View.swift */; };
		D721795E27E4ED4B00F39152 /* OptionState.swift in Sources */ = {isa = PBXBuildFile; fileRef = D721795D27E4ED4B00F39152 /* OptionState.swift */; };
		D744288E285385E60073C9E2 /* ChooseCharView.swift in Sources */ = {isa = PBXBuildFile; fileRef = D744288D285385E50073C9E2 /* ChooseCharView.swift */; };
		D7442890285389DC0073C9E2 /* ChooseDirectionView.swift in Sources */ = {isa = PBXBuildFile; fileRef = D744288F285389DC0073C9E2 /* ChooseDirectionView.swift */; };
		D74428922854AA130073C9E2 /* TapButtonStyle.swift in Sources */ = {isa = PBXBuildFile; fileRef = D74428912854AA130073C9E2 /* TapButtonStyle.swift */; };
		D74428942854AB520073C9E2 /* ChooseCharButtonView.swift in Sources */ = {isa = PBXBuildFile; fileRef = D74428932854AB520073C9E2 /* ChooseCharButtonView.swift */; };
		D74428962854E2890073C9E2 /* ChooseDirectionButtonView.swift in Sources */ = {isa = PBXBuildFile; fileRef = D74428952854E2890073C9E2 /* ChooseDirectionButtonView.swift */; };
		D7809891284CE14800C4DDF0 /* StateView.swift in Sources */ = {isa = PBXBuildFile; fileRef = D7809890284CE14800C4DDF0 /* StateView.swift */; };
		D780989B284CEA2100C4DDF0 /* CombinationsListView.swift in Sources */ = {isa = PBXBuildFile; fileRef = D780989A284CEA2100C4DDF0 /* CombinationsListView.swift */; };
		D780989D284CEC4E00C4DDF0 /* CombinationSettings.swift in Sources */ = {isa = PBXBuildFile; fileRef = D780989C284CEC4E00C4DDF0 /* CombinationSettings.swift */; };
		D780989F284CF8F900C4DDF0 /* CombinationView.swift in Sources */ = {isa = PBXBuildFile; fileRef = D780989E284CF8F900C4DDF0 /* CombinationView.swift */; };
		D78098A4284DC83900C4DDF0 /* BindingPreviewWrapper.swift in Sources */ = {isa = PBXBuildFile; fileRef = D78098A3284DC83900C4DDF0 /* BindingPreviewWrapper.swift */; };
		D78098A6284DD9F100C4DDF0 /* StatesView.swift in Sources */ = {isa = PBXBuildFile; fileRef = D78098A5284DD9F100C4DDF0 /* StatesView.swift */; };
		D78098A9284DF29100C4DDF0 /* StateQ.swift in Sources */ = {isa = PBXBuildFile; fileRef = D78098A8284DF29100C4DDF0 /* StateQ.swift */; };
		D78098AB284DFB4D00C4DDF0 /* HomeView.swift in Sources */ = {isa = PBXBuildFile; fileRef = D78098AA284DFB4D00C4DDF0 /* HomeView.swift */; };
		D78098AD284DFC0600C4DDF0 /* TapeSectionOpening.swift in Sources */ = {isa = PBXBuildFile; fileRef = D78098AC284DFC0600C4DDF0 /* TapeSectionOpening.swift */; };
		D78098B1284E150200C4DDF0 /* Tapes.swift in Sources */ = {isa = PBXBuildFile; fileRef = D78098B0284E150200C4DDF0 /* Tapes.swift */; };
		D78098B5284E1AA800C4DDF0 /* TapesWorkView.swift in Sources */ = {isa = PBXBuildFile; fileRef = D78098B4284E1AA800C4DDF0 /* TapesWorkView.swift */; };
		D78098B7284E1CF200C4DDF0 /* RoundedCornersBackground.swift in Sources */ = {isa = PBXBuildFile; fileRef = D78098B6284E1CF200C4DDF0 /* RoundedCornersBackground.swift */; };
		D78098BC284E2A4400C4DDF0 /* ChooseStartStateView.swift in Sources */ = {isa = PBXBuildFile; fileRef = D78098BB284E2A4400C4DDF0 /* ChooseStartStateView.swift */; };
		D78098C6284F47BE00C4DDF0 /* ConfigurationsView.swift in Sources */ = {isa = PBXBuildFile; fileRef = D78098C5284F47BE00C4DDF0 /* ConfigurationsView.swift */; };
		D7CF6DD027DE288A0010949B /* MobileTuringMachineApp.swift in Sources */ = {isa = PBXBuildFile; fileRef = D7CF6DCF27DE288A0010949B /* MobileTuringMachineApp.swift */; };
		D7CF6DD227DE288A0010949B /* ContentView.swift in Sources */ = {isa = PBXBuildFile; fileRef = D7CF6DD127DE288A0010949B /* ContentView.swift */; };
		D7CF6DD427DE28910010949B /* Assets.xcassets in Resources */ = {isa = PBXBuildFile; fileRef = D7CF6DD327DE28910010949B /* Assets.xcassets */; };
		D7CF6DD727DE28910010949B /* Preview Assets.xcassets in Resources */ = {isa = PBXBuildFile; fileRef = D7CF6DD627DE28910010949B /* Preview Assets.xcassets */; };
		D7CF6DDF27DE28A20010949B /* TapeContentView.swift in Sources */ = {isa = PBXBuildFile; fileRef = D7CF6DDE27DE28A20010949B /* TapeContentView.swift */; };
		D7CF6DE327DE29180010949B /* TapeContent.swift in Sources */ = {isa = PBXBuildFile; fileRef = D7CF6DE227DE29180010949B /* TapeContent.swift */; };
		D7CF6DE527DE2BA00010949B /* TapeContentViewModel.swift in Sources */ = {isa = PBXBuildFile; fileRef = D7CF6DE427DE2BA00010949B /* TapeContentViewModel.swift */; };
		D7CF6DE727DE312D0010949B /* TapeView.swift in Sources */ = {isa = PBXBuildFile; fileRef = D7CF6DE627DE312D0010949B /* TapeView.swift */; };
		D7CF6DEC27DE53B60010949B /* InputView.swift in Sources */ = {isa = PBXBuildFile; fileRef = D7CF6DEB27DE53B60010949B /* InputView.swift */; };
		D7CF6DEF27DE606F0010949B /* Extension + Color.swift in Sources */ = {isa = PBXBuildFile; fileRef = D7CF6DEE27DE606F0010949B /* Extension + Color.swift */; };
		D7CF6DF127DE64000010949B /* ConfigTapesView.swift in Sources */ = {isa = PBXBuildFile; fileRef = D7CF6DF027DE64000010949B /* ConfigTapesView.swift */; };
		D7CF6DF527DE731F0010949B /* TapeView + ConfigTapesView.swift in Sources */ = {isa = PBXBuildFile; fileRef = D7CF6DF427DE731F0010949B /* TapeView + ConfigTapesView.swift */; };
		D7CF6DF727DE8F080010949B /* Tape.swift in Sources */ = {isa = PBXBuildFile; fileRef = D7CF6DF627DE8F080010949B /* Tape.swift */; };
		D7CF6DFD27DFCD030010949B /* CustomVerticalGrid.swift in Sources */ = {isa = PBXBuildFile; fileRef = D7CF6DFC27DFCD030010949B /* CustomVerticalGrid.swift */; };
/* End PBXBuildFile section */

/* Begin PBXFileReference section */
		D7057FAE284A8CC70008E7E3 /* Extension + View.swift */ = {isa = PBXFileReference; lastKnownFileType = sourcecode.swift; path = "Extension + View.swift"; sourceTree = "<group>"; };
		D721795D27E4ED4B00F39152 /* OptionState.swift */ = {isa = PBXFileReference; lastKnownFileType = sourcecode.swift; path = OptionState.swift; sourceTree = "<group>"; };
		D744288D285385E50073C9E2 /* ChooseCharView.swift */ = {isa = PBXFileReference; lastKnownFileType = sourcecode.swift; path = ChooseCharView.swift; sourceTree = "<group>"; };
		D744288F285389DC0073C9E2 /* ChooseDirectionView.swift */ = {isa = PBXFileReference; lastKnownFileType = sourcecode.swift; path = ChooseDirectionView.swift; sourceTree = "<group>"; };
		D74428912854AA130073C9E2 /* TapButtonStyle.swift */ = {isa = PBXFileReference; lastKnownFileType = sourcecode.swift; path = TapButtonStyle.swift; sourceTree = "<group>"; };
		D74428932854AB520073C9E2 /* ChooseCharButtonView.swift */ = {isa = PBXFileReference; lastKnownFileType = sourcecode.swift; path = ChooseCharButtonView.swift; sourceTree = "<group>"; };
		D74428952854E2890073C9E2 /* ChooseDirectionButtonView.swift */ = {isa = PBXFileReference; lastKnownFileType = sourcecode.swift; path = ChooseDirectionButtonView.swift; sourceTree = "<group>"; };
		D7809890284CE14800C4DDF0 /* StateView.swift */ = {isa = PBXFileReference; lastKnownFileType = sourcecode.swift; path = StateView.swift; sourceTree = "<group>"; };
		D780989A284CEA2100C4DDF0 /* CombinationsListView.swift */ = {isa = PBXFileReference; lastKnownFileType = sourcecode.swift; path = CombinationsListView.swift; sourceTree = "<group>"; };
		D780989C284CEC4E00C4DDF0 /* CombinationSettings.swift */ = {isa = PBXFileReference; lastKnownFileType = sourcecode.swift; path = CombinationSettings.swift; sourceTree = "<group>"; };
		D780989E284CF8F900C4DDF0 /* CombinationView.swift */ = {isa = PBXFileReference; lastKnownFileType = sourcecode.swift; path = CombinationView.swift; sourceTree = "<group>"; };
		D78098A3284DC83900C4DDF0 /* BindingPreviewWrapper.swift */ = {isa = PBXFileReference; lastKnownFileType = sourcecode.swift; path = BindingPreviewWrapper.swift; sourceTree = "<group>"; };
		D78098A5284DD9F100C4DDF0 /* StatesView.swift */ = {isa = PBXFileReference; lastKnownFileType = sourcecode.swift; path = StatesView.swift; sourceTree = "<group>"; };
		D78098A8284DF29100C4DDF0 /* StateQ.swift */ = {isa = PBXFileReference; lastKnownFileType = sourcecode.swift; path = StateQ.swift; sourceTree = "<group>"; };
		D78098AA284DFB4D00C4DDF0 /* HomeView.swift */ = {isa = PBXFileReference; lastKnownFileType = sourcecode.swift; path = HomeView.swift; sourceTree = "<group>"; };
		D78098AC284DFC0600C4DDF0 /* TapeSectionOpening.swift */ = {isa = PBXFileReference; lastKnownFileType = sourcecode.swift; path = TapeSectionOpening.swift; sourceTree = "<group>"; };
		D78098B0284E150200C4DDF0 /* Tapes.swift */ = {isa = PBXFileReference; lastKnownFileType = sourcecode.swift; path = Tapes.swift; sourceTree = "<group>"; };
		D78098B4284E1AA800C4DDF0 /* TapesWorkView.swift */ = {isa = PBXFileReference; lastKnownFileType = sourcecode.swift; path = TapesWorkView.swift; sourceTree = "<group>"; };
		D78098B6284E1CF200C4DDF0 /* RoundedCornersBackground.swift */ = {isa = PBXFileReference; lastKnownFileType = sourcecode.swift; path = RoundedCornersBackground.swift; sourceTree = "<group>"; };
		D78098BB284E2A4400C4DDF0 /* ChooseStartStateView.swift */ = {isa = PBXFileReference; lastKnownFileType = sourcecode.swift; path = ChooseStartStateView.swift; sourceTree = "<group>"; };
		D78098C5284F47BE00C4DDF0 /* ConfigurationsView.swift */ = {isa = PBXFileReference; lastKnownFileType = sourcecode.swift; path = ConfigurationsView.swift; sourceTree = "<group>"; };
		D7CF6DCC27DE288A0010949B /* MobileTuringMachine.app */ = {isa = PBXFileReference; explicitFileType = wrapper.application; includeInIndex = 0; path = MobileTuringMachine.app; sourceTree = BUILT_PRODUCTS_DIR; };
		D7CF6DCF27DE288A0010949B /* MobileTuringMachineApp.swift */ = {isa = PBXFileReference; lastKnownFileType = sourcecode.swift; path = MobileTuringMachineApp.swift; sourceTree = "<group>"; };
		D7CF6DD127DE288A0010949B /* ContentView.swift */ = {isa = PBXFileReference; lastKnownFileType = sourcecode.swift; path = ContentView.swift; sourceTree = "<group>"; };
		D7CF6DD327DE28910010949B /* Assets.xcassets */ = {isa = PBXFileReference; lastKnownFileType = folder.assetcatalog; path = Assets.xcassets; sourceTree = "<group>"; };
		D7CF6DD627DE28910010949B /* Preview Assets.xcassets */ = {isa = PBXFileReference; lastKnownFileType = folder.assetcatalog; path = "Preview Assets.xcassets"; sourceTree = "<group>"; };
		D7CF6DDE27DE28A20010949B /* TapeContentView.swift */ = {isa = PBXFileReference; lastKnownFileType = sourcecode.swift; path = TapeContentView.swift; sourceTree = "<group>"; };
		D7CF6DE227DE29180010949B /* TapeContent.swift */ = {isa = PBXFileReference; lastKnownFileType = sourcecode.swift; path = TapeContent.swift; sourceTree = "<group>"; };
		D7CF6DE427DE2BA00010949B /* TapeContentViewModel.swift */ = {isa = PBXFileReference; lastKnownFileType = sourcecode.swift; path = TapeContentViewModel.swift; sourceTree = "<group>"; };
		D7CF6DE627DE312D0010949B /* TapeView.swift */ = {isa = PBXFileReference; lastKnownFileType = sourcecode.swift; path = TapeView.swift; sourceTree = "<group>"; };
		D7CF6DEB27DE53B60010949B /* InputView.swift */ = {isa = PBXFileReference; lastKnownFileType = sourcecode.swift; path = InputView.swift; sourceTree = "<group>"; };
		D7CF6DEE27DE606F0010949B /* Extension + Color.swift */ = {isa = PBXFileReference; lastKnownFileType = sourcecode.swift; path = "Extension + Color.swift"; sourceTree = "<group>"; };
		D7CF6DF027DE64000010949B /* ConfigTapesView.swift */ = {isa = PBXFileReference; lastKnownFileType = sourcecode.swift; path = ConfigTapesView.swift; sourceTree = "<group>"; };
		D7CF6DF427DE731F0010949B /* TapeView + ConfigTapesView.swift */ = {isa = PBXFileReference; lastKnownFileType = sourcecode.swift; path = "TapeView + ConfigTapesView.swift"; sourceTree = "<group>"; };
		D7CF6DF627DE8F080010949B /* Tape.swift */ = {isa = PBXFileReference; lastKnownFileType = sourcecode.swift; path = Tape.swift; sourceTree = "<group>"; };
		D7CF6DFC27DFCD030010949B /* CustomVerticalGrid.swift */ = {isa = PBXFileReference; lastKnownFileType = sourcecode.swift; path = CustomVerticalGrid.swift; sourceTree = "<group>"; };
/* End PBXFileReference section */

/* Begin PBXFrameworksBuildPhase section */
		D7CF6DC927DE288A0010949B /* Frameworks */ = {
			isa = PBXFrameworksBuildPhase;
			buildActionMask = 2147483647;
			files = (
			);
			runOnlyForDeploymentPostprocessing = 0;
		};
/* End PBXFrameworksBuildPhase section */

/* Begin PBXGroup section */
		D7809892284CE47300C4DDF0 /* States */ = {
			isa = PBXGroup;
			children = (
				D7809890284CE14800C4DDF0 /* StateView.swift */,
				D78098A5284DD9F100C4DDF0 /* StatesView.swift */,
				D780989A284CEA2100C4DDF0 /* CombinationsListView.swift */,
				D780989E284CF8F900C4DDF0 /* CombinationView.swift */,
				D780989C284CEC4E00C4DDF0 /* CombinationSettings.swift */,
				D744288D285385E50073C9E2 /* ChooseCharView.swift */,
				D74428932854AB520073C9E2 /* ChooseCharButtonView.swift */,
				D744288F285389DC0073C9E2 /* ChooseDirectionView.swift */,
				D74428952854E2890073C9E2 /* ChooseDirectionButtonView.swift */,
			);
			path = States;
			sourceTree = "<group>";
		};
		D78098A2284DC80D00C4DDF0 /* Helpers */ = {
			isa = PBXGroup;
			children = (
				D78098A3284DC83900C4DDF0 /* BindingPreviewWrapper.swift */,
				D78098B6284E1CF200C4DDF0 /* RoundedCornersBackground.swift */,
				D74428912854AA130073C9E2 /* TapButtonStyle.swift */,
			);
			path = Helpers;
			sourceTree = "<group>";
		};
		D78098A7284DF23300C4DDF0 /* Tapes */ = {
			isa = PBXGroup;
			children = (
				D7CF6DDE27DE28A20010949B /* TapeContentView.swift */,
				D7CF6DE627DE312D0010949B /* TapeView.swift */,
				D7CF6DEB27DE53B60010949B /* InputView.swift */,
				D7CF6DF027DE64000010949B /* ConfigTapesView.swift */,
				D7CF6DF427DE731F0010949B /* TapeView + ConfigTapesView.swift */,
				D78098AC284DFC0600C4DDF0 /* TapeSectionOpening.swift */,
				D78098B0284E150200C4DDF0 /* Tapes.swift */,
				D78098B4284E1AA800C4DDF0 /* TapesWorkView.swift */,
			);
			path = Tapes;
			sourceTree = "<group>";
		};
		D78098B8284E211400C4DDF0 /* Home */ = {
			isa = PBXGroup;
			children = (
				D78098AA284DFB4D00C4DDF0 /* HomeView.swift */,
				D78098C5284F47BE00C4DDF0 /* ConfigurationsView.swift */,
				D78098BB284E2A4400C4DDF0 /* ChooseStartStateView.swift */,
			);
			path = Home;
			sourceTree = "<group>";
		};
		D7CF6DC327DE288A0010949B = {
			isa = PBXGroup;
			children = (
				D7CF6DCE27DE288A0010949B /* MobileTuringMachine */,
				D7CF6DCD27DE288A0010949B /* Products */,
			);
			sourceTree = "<group>";
		};
		D7CF6DCD27DE288A0010949B /* Products */ = {
			isa = PBXGroup;
			children = (
				D7CF6DCC27DE288A0010949B /* MobileTuringMachine.app */,
			);
			name = Products;
			sourceTree = "<group>";
		};
		D7CF6DCE27DE288A0010949B /* MobileTuringMachine */ = {
			isa = PBXGroup;
			children = (
				D7CF6DCF27DE288A0010949B /* MobileTuringMachineApp.swift */,
				D7CF6DD127DE288A0010949B /* ContentView.swift */,
				D78098A2284DC80D00C4DDF0 /* Helpers */,
				D7CF6DED27DE60580010949B /* Extensions */,
				D7CF6DE127DE28F30010949B /* Model */,
				D7CF6DE027DE28E70010949B /* ViewModel */,
				D7CF6DDD27DE28960010949B /* View */,
				D7CF6DD327DE28910010949B /* Assets.xcassets */,
				D7CF6DD527DE28910010949B /* Preview Content */,
			);
			path = MobileTuringMachine;
			sourceTree = "<group>";
		};
		D7CF6DD527DE28910010949B /* Preview Content */ = {
			isa = PBXGroup;
			children = (
				D7CF6DD627DE28910010949B /* Preview Assets.xcassets */,
			);
			path = "Preview Content";
			sourceTree = "<group>";
		};
		D7CF6DDD27DE28960010949B /* View */ = {
			isa = PBXGroup;
			children = (
				D7CF6DFC27DFCD030010949B /* CustomVerticalGrid.swift */,
				D78098B8284E211400C4DDF0 /* Home */,
				D78098A7284DF23300C4DDF0 /* Tapes */,
				D7809892284CE47300C4DDF0 /* States */,
			);
			path = View;
			sourceTree = "<group>";
		};
		D7CF6DE027DE28E70010949B /* ViewModel */ = {
			isa = PBXGroup;
			children = (
				D7CF6DE427DE2BA00010949B /* TapeContentViewModel.swift */,
			);
			path = ViewModel;
			sourceTree = "<group>";
		};
		D7CF6DE127DE28F30010949B /* Model */ = {
			isa = PBXGroup;
			children = (
				D7CF6DF627DE8F080010949B /* Tape.swift */,
				D7CF6DE227DE29180010949B /* TapeContent.swift */,
				D78098A8284DF29100C4DDF0 /* StateQ.swift */,
				D721795D27E4ED4B00F39152 /* OptionState.swift */,
			);
			path = Model;
			sourceTree = "<group>";
		};
		D7CF6DED27DE60580010949B /* Extensions */ = {
			isa = PBXGroup;
			children = (
				D7CF6DEE27DE606F0010949B /* Extension + Color.swift */,
				D7057FAE284A8CC70008E7E3 /* Extension + View.swift */,
			);
			path = Extensions;
			sourceTree = "<group>";
		};
/* End PBXGroup section */

/* Begin PBXNativeTarget section */
		D7CF6DCB27DE288A0010949B /* MobileTuringMachine */ = {
			isa = PBXNativeTarget;
			buildConfigurationList = D7CF6DDA27DE28910010949B /* Build configuration list for PBXNativeTarget "MobileTuringMachine" */;
			buildPhases = (
				D7CF6DC827DE288A0010949B /* Sources */,
				D7CF6DC927DE288A0010949B /* Frameworks */,
				D7CF6DCA27DE288A0010949B /* Resources */,
			);
			buildRules = (
			);
			dependencies = (
			);
			name = MobileTuringMachine;
			productName = MobileTuringMachine;
			productReference = D7CF6DCC27DE288A0010949B /* MobileTuringMachine.app */;
			productType = "com.apple.product-type.application";
		};
/* End PBXNativeTarget section */

/* Begin PBXProject section */
		D7CF6DC427DE288A0010949B /* Project object */ = {
			isa = PBXProject;
			attributes = {
				BuildIndependentTargetsInParallel = 1;
				LastSwiftUpdateCheck = 1320;
				LastUpgradeCheck = 1320;
				TargetAttributes = {
					D7CF6DCB27DE288A0010949B = {
						CreatedOnToolsVersion = 13.2.1;
					};
				};
			};
			buildConfigurationList = D7CF6DC727DE288A0010949B /* Build configuration list for PBXProject "MobileTuringMachine" */;
			compatibilityVersion = "Xcode 13.0";
			developmentRegion = en;
			hasScannedForEncodings = 0;
			knownRegions = (
				en,
				Base,
			);
			mainGroup = D7CF6DC327DE288A0010949B;
			productRefGroup = D7CF6DCD27DE288A0010949B /* Products */;
			projectDirPath = "";
			projectRoot = "";
			targets = (
				D7CF6DCB27DE288A0010949B /* MobileTuringMachine */,
			);
		};
/* End PBXProject section */

/* Begin PBXResourcesBuildPhase section */
		D7CF6DCA27DE288A0010949B /* Resources */ = {
			isa = PBXResourcesBuildPhase;
			buildActionMask = 2147483647;
			files = (
				D7CF6DD727DE28910010949B /* Preview Assets.xcassets in Resources */,
				D7CF6DD427DE28910010949B /* Assets.xcassets in Resources */,
			);
			runOnlyForDeploymentPostprocessing = 0;
		};
/* End PBXResourcesBuildPhase section */

/* Begin PBXSourcesBuildPhase section */
		D7CF6DC827DE288A0010949B /* Sources */ = {
			isa = PBXSourcesBuildPhase;
			buildActionMask = 2147483647;
			files = (
				D78098BC284E2A4400C4DDF0 /* ChooseStartStateView.swift in Sources */,
				D78098A9284DF29100C4DDF0 /* StateQ.swift in Sources */,
				D78098AD284DFC0600C4DDF0 /* TapeSectionOpening.swift in Sources */,
				D7CF6DDF27DE28A20010949B /* TapeContentView.swift in Sources */,
				D78098B5284E1AA800C4DDF0 /* TapesWorkView.swift in Sources */,
				D744288E285385E60073C9E2 /* ChooseCharView.swift in Sources */,
				D74428922854AA130073C9E2 /* TapButtonStyle.swift in Sources */,
				D7CF6DE727DE312D0010949B /* TapeView.swift in Sources */,
				D78098A4284DC83900C4DDF0 /* BindingPreviewWrapper.swift in Sources */,
				D721795E27E4ED4B00F39152 /* OptionState.swift in Sources */,
				D78098AB284DFB4D00C4DDF0 /* HomeView.swift in Sources */,
				D74428942854AB520073C9E2 /* ChooseCharButtonView.swift in Sources */,
				D780989D284CEC4E00C4DDF0 /* CombinationSettings.swift in Sources */,
				D7CF6DFD27DFCD030010949B /* CustomVerticalGrid.swift in Sources */,
				D7CF6DEF27DE606F0010949B /* Extension + Color.swift in Sources */,
				D78098C6284F47BE00C4DDF0 /* ConfigurationsView.swift in Sources */,
				D7CF6DE327DE29180010949B /* TapeContent.swift in Sources */,
				D7CF6DF127DE64000010949B /* ConfigTapesView.swift in Sources */,
				D74428962854E2890073C9E2 /* ChooseDirectionButtonView.swift in Sources */,
				D780989B284CEA2100C4DDF0 /* CombinationsListView.swift in Sources */,
				D7CF6DE527DE2BA00010949B /* TapeContentViewModel.swift in Sources */,
				D780989F284CF8F900C4DDF0 /* CombinationView.swift in Sources */,
				D7442890285389DC0073C9E2 /* ChooseDirectionView.swift in Sources */,
				D7CF6DF727DE8F080010949B /* Tape.swift in Sources */,
				D78098B7284E1CF200C4DDF0 /* RoundedCornersBackground.swift in Sources */,
				D7CF6DEC27DE53B60010949B /* InputView.swift in Sources */,
				D7CF6DD227DE288A0010949B /* ContentView.swift in Sources */,
				D78098A6284DD9F100C4DDF0 /* StatesView.swift in Sources */,
				D78098B1284E150200C4DDF0 /* Tapes.swift in Sources */,
				D7809891284CE14800C4DDF0 /* StateView.swift in Sources */,
				D7CF6DF527DE731F0010949B /* TapeView + ConfigTapesView.swift in Sources */,
				D7CF6DD027DE288A0010949B /* MobileTuringMachineApp.swift in Sources */,
				D7057FAF284A8CC70008E7E3 /* Extension + View.swift in Sources */,
			);
			runOnlyForDeploymentPostprocessing = 0;
		};
/* End PBXSourcesBuildPhase section */

/* Begin XCBuildConfiguration section */
		D7CF6DD827DE28910010949B /* Debug */ = {
			isa = XCBuildConfiguration;
			buildSettings = {
				ALWAYS_SEARCH_USER_PATHS = NO;
				CLANG_ANALYZER_NONNULL = YES;
				CLANG_ANALYZER_NUMBER_OBJECT_CONVERSION = YES_AGGRESSIVE;
				CLANG_CXX_LANGUAGE_STANDARD = "gnu++17";
				CLANG_CXX_LIBRARY = "libc++";
				CLANG_ENABLE_MODULES = YES;
				CLANG_ENABLE_OBJC_ARC = YES;
				CLANG_ENABLE_OBJC_WEAK = YES;
				CLANG_WARN_BLOCK_CAPTURE_AUTORELEASING = YES;
				CLANG_WARN_BOOL_CONVERSION = YES;
				CLANG_WARN_COMMA = YES;
				CLANG_WARN_CONSTANT_CONVERSION = YES;
				CLANG_WARN_DEPRECATED_OBJC_IMPLEMENTATIONS = YES;
				CLANG_WARN_DIRECT_OBJC_ISA_USAGE = YES_ERROR;
				CLANG_WARN_DOCUMENTATION_COMMENTS = YES;
				CLANG_WARN_EMPTY_BODY = YES;
				CLANG_WARN_ENUM_CONVERSION = YES;
				CLANG_WARN_INFINITE_RECURSION = YES;
				CLANG_WARN_INT_CONVERSION = YES;
				CLANG_WARN_NON_LITERAL_NULL_CONVERSION = YES;
				CLANG_WARN_OBJC_IMPLICIT_RETAIN_SELF = YES;
				CLANG_WARN_OBJC_LITERAL_CONVERSION = YES;
				CLANG_WARN_OBJC_ROOT_CLASS = YES_ERROR;
				CLANG_WARN_QUOTED_INCLUDE_IN_FRAMEWORK_HEADER = YES;
				CLANG_WARN_RANGE_LOOP_ANALYSIS = YES;
				CLANG_WARN_STRICT_PROTOTYPES = YES;
				CLANG_WARN_SUSPICIOUS_MOVE = YES;
				CLANG_WARN_UNGUARDED_AVAILABILITY = YES_AGGRESSIVE;
				CLANG_WARN_UNREACHABLE_CODE = YES;
				CLANG_WARN__DUPLICATE_METHOD_MATCH = YES;
				COPY_PHASE_STRIP = NO;
				DEBUG_INFORMATION_FORMAT = dwarf;
				ENABLE_STRICT_OBJC_MSGSEND = YES;
				ENABLE_TESTABILITY = YES;
				GCC_C_LANGUAGE_STANDARD = gnu11;
				GCC_DYNAMIC_NO_PIC = NO;
				GCC_NO_COMMON_BLOCKS = YES;
				GCC_OPTIMIZATION_LEVEL = 0;
				GCC_PREPROCESSOR_DEFINITIONS = (
					"DEBUG=1",
					"$(inherited)",
				);
				GCC_WARN_64_TO_32_BIT_CONVERSION = YES;
				GCC_WARN_ABOUT_RETURN_TYPE = YES_ERROR;
				GCC_WARN_UNDECLARED_SELECTOR = YES;
				GCC_WARN_UNINITIALIZED_AUTOS = YES_AGGRESSIVE;
				GCC_WARN_UNUSED_FUNCTION = YES;
				GCC_WARN_UNUSED_VARIABLE = YES;
				IPHONEOS_DEPLOYMENT_TARGET = 15.2;
				MTL_ENABLE_DEBUG_INFO = INCLUDE_SOURCE;
				MTL_FAST_MATH = YES;
				ONLY_ACTIVE_ARCH = YES;
				SDKROOT = iphoneos;
				SWIFT_ACTIVE_COMPILATION_CONDITIONS = DEBUG;
				SWIFT_OPTIMIZATION_LEVEL = "-Onone";
			};
			name = Debug;
		};
		D7CF6DD927DE28910010949B /* Release */ = {
			isa = XCBuildConfiguration;
			buildSettings = {
				ALWAYS_SEARCH_USER_PATHS = NO;
				CLANG_ANALYZER_NONNULL = YES;
				CLANG_ANALYZER_NUMBER_OBJECT_CONVERSION = YES_AGGRESSIVE;
				CLANG_CXX_LANGUAGE_STANDARD = "gnu++17";
				CLANG_CXX_LIBRARY = "libc++";
				CLANG_ENABLE_MODULES = YES;
				CLANG_ENABLE_OBJC_ARC = YES;
				CLANG_ENABLE_OBJC_WEAK = YES;
				CLANG_WARN_BLOCK_CAPTURE_AUTORELEASING = YES;
				CLANG_WARN_BOOL_CONVERSION = YES;
				CLANG_WARN_COMMA = YES;
				CLANG_WARN_CONSTANT_CONVERSION = YES;
				CLANG_WARN_DEPRECATED_OBJC_IMPLEMENTATIONS = YES;
				CLANG_WARN_DIRECT_OBJC_ISA_USAGE = YES_ERROR;
				CLANG_WARN_DOCUMENTATION_COMMENTS = YES;
				CLANG_WARN_EMPTY_BODY = YES;
				CLANG_WARN_ENUM_CONVERSION = YES;
				CLANG_WARN_INFINITE_RECURSION = YES;
				CLANG_WARN_INT_CONVERSION = YES;
				CLANG_WARN_NON_LITERAL_NULL_CONVERSION = YES;
				CLANG_WARN_OBJC_IMPLICIT_RETAIN_SELF = YES;
				CLANG_WARN_OBJC_LITERAL_CONVERSION = YES;
				CLANG_WARN_OBJC_ROOT_CLASS = YES_ERROR;
				CLANG_WARN_QUOTED_INCLUDE_IN_FRAMEWORK_HEADER = YES;
				CLANG_WARN_RANGE_LOOP_ANALYSIS = YES;
				CLANG_WARN_STRICT_PROTOTYPES = YES;
				CLANG_WARN_SUSPICIOUS_MOVE = YES;
				CLANG_WARN_UNGUARDED_AVAILABILITY = YES_AGGRESSIVE;
				CLANG_WARN_UNREACHABLE_CODE = YES;
				CLANG_WARN__DUPLICATE_METHOD_MATCH = YES;
				COPY_PHASE_STRIP = NO;
				DEBUG_INFORMATION_FORMAT = "dwarf-with-dsym";
				ENABLE_NS_ASSERTIONS = NO;
				ENABLE_STRICT_OBJC_MSGSEND = YES;
				GCC_C_LANGUAGE_STANDARD = gnu11;
				GCC_NO_COMMON_BLOCKS = YES;
				GCC_WARN_64_TO_32_BIT_CONVERSION = YES;
				GCC_WARN_ABOUT_RETURN_TYPE = YES_ERROR;
				GCC_WARN_UNDECLARED_SELECTOR = YES;
				GCC_WARN_UNINITIALIZED_AUTOS = YES_AGGRESSIVE;
				GCC_WARN_UNUSED_FUNCTION = YES;
				GCC_WARN_UNUSED_VARIABLE = YES;
				IPHONEOS_DEPLOYMENT_TARGET = 15.2;
				MTL_ENABLE_DEBUG_INFO = NO;
				MTL_FAST_MATH = YES;
				SDKROOT = iphoneos;
				SWIFT_COMPILATION_MODE = wholemodule;
				SWIFT_OPTIMIZATION_LEVEL = "-O";
				VALIDATE_PRODUCT = YES;
			};
			name = Release;
		};
		D7CF6DDB27DE28910010949B /* Debug */ = {
			isa = XCBuildConfiguration;
			buildSettings = {
				ASSETCATALOG_COMPILER_APPICON_NAME = AppIcon;
				ASSETCATALOG_COMPILER_GLOBAL_ACCENT_COLOR_NAME = AccentColor;
				CODE_SIGN_STYLE = Automatic;
				CURRENT_PROJECT_VERSION = 1;
				DEVELOPMENT_ASSET_PATHS = "\"MobileTuringMachine/Preview Content\"";
				DEVELOPMENT_TEAM = AUP52MS6LU;
				ENABLE_PREVIEWS = YES;
				GENERATE_INFOPLIST_FILE = YES;
				INFOPLIST_KEY_UIApplicationSceneManifest_Generation = YES;
				INFOPLIST_KEY_UIApplicationSupportsIndirectInputEvents = YES;
				INFOPLIST_KEY_UILaunchScreen_Generation = YES;
				INFOPLIST_KEY_UISupportedInterfaceOrientations_iPad = "UIInterfaceOrientationPortrait UIInterfaceOrientationPortraitUpsideDown UIInterfaceOrientationLandscapeLeft UIInterfaceOrientationLandscapeRight";
				INFOPLIST_KEY_UISupportedInterfaceOrientations_iPhone = "UIInterfaceOrientationPortrait UIInterfaceOrientationLandscapeLeft UIInterfaceOrientationLandscapeRight";
				LD_RUNPATH_SEARCH_PATHS = (
					"$(inherited)",
					"@executable_path/Frameworks",
				);
				MARKETING_VERSION = 1.0;
				PRODUCT_BUNDLE_IDENTIFIER = ru.swiftui.MobileTuringMachine;
				PRODUCT_NAME = "$(TARGET_NAME)";
				SWIFT_EMIT_LOC_STRINGS = YES;
				SWIFT_VERSION = 5.0;
				TARGETED_DEVICE_FAMILY = "1,2";
			};
			name = Debug;
		};
		D7CF6DDC27DE28910010949B /* Release */ = {
			isa = XCBuildConfiguration;
			buildSettings = {
				ASSETCATALOG_COMPILER_APPICON_NAME = AppIcon;
				ASSETCATALOG_COMPILER_GLOBAL_ACCENT_COLOR_NAME = AccentColor;
				CODE_SIGN_STYLE = Automatic;
				CURRENT_PROJECT_VERSION = 1;
				DEVELOPMENT_ASSET_PATHS = "\"MobileTuringMachine/Preview Content\"";
				DEVELOPMENT_TEAM = AUP52MS6LU;
				ENABLE_PREVIEWS = YES;
				GENERATE_INFOPLIST_FILE = YES;
				INFOPLIST_KEY_UIApplicationSceneManifest_Generation = YES;
				INFOPLIST_KEY_UIApplicationSupportsIndirectInputEvents = YES;
				INFOPLIST_KEY_UILaunchScreen_Generation = YES;
				INFOPLIST_KEY_UISupportedInterfaceOrientations_iPad = "UIInterfaceOrientationPortrait UIInterfaceOrientationPortraitUpsideDown UIInterfaceOrientationLandscapeLeft UIInterfaceOrientationLandscapeRight";
				INFOPLIST_KEY_UISupportedInterfaceOrientations_iPhone = "UIInterfaceOrientationPortrait UIInterfaceOrientationLandscapeLeft UIInterfaceOrientationLandscapeRight";
				LD_RUNPATH_SEARCH_PATHS = (
					"$(inherited)",
					"@executable_path/Frameworks",
				);
				MARKETING_VERSION = 1.0;
				PRODUCT_BUNDLE_IDENTIFIER = ru.swiftui.MobileTuringMachine;
				PRODUCT_NAME = "$(TARGET_NAME)";
				SWIFT_EMIT_LOC_STRINGS = YES;
				SWIFT_VERSION = 5.0;
				TARGETED_DEVICE_FAMILY = "1,2";
			};
			name = Release;
		};
/* End XCBuildConfiguration section */

/* Begin XCConfigurationList section */
		D7CF6DC727DE288A0010949B /* Build configuration list for PBXProject "MobileTuringMachine" */ = {
			isa = XCConfigurationList;
			buildConfigurations = (
				D7CF6DD827DE28910010949B /* Debug */,
				D7CF6DD927DE28910010949B /* Release */,
			);
			defaultConfigurationIsVisible = 0;
			defaultConfigurationName = Release;
		};
		D7CF6DDA27DE28910010949B /* Build configuration list for PBXNativeTarget "MobileTuringMachine" */ = {
			isa = XCConfigurationList;
			buildConfigurations = (
				D7CF6DDB27DE28910010949B /* Debug */,
				D7CF6DDC27DE28910010949B /* Release */,
			);
			defaultConfigurationIsVisible = 0;
			defaultConfigurationName = Release;
		};
/* End XCConfigurationList section */
	};
	rootObject = D7CF6DC427DE288A0010949B /* Project object */;
}
