// !$*UTF8*$!
{
	archiveVersion = 1;
	classes = {
	};
	objectVersion = 55;
	objects = {

/* Begin PBXBuildFile section */
		D7057FAF284A8CC70008E7E3 /* Extension + View.swift in Sources */ = {isa = PBXBuildFile; fileRef = D7057FAE284A8CC70008E7E3 /* Extension + View.swift */; };
		D721795E27E4ED4B00F39152 /* Option.swift in Sources */ = {isa = PBXBuildFile; fileRef = D721795D27E4ED4B00F39152 /* Option.swift */; };
		D7312B0C285F861F00AF5261 /* Algorithm.swift in Sources */ = {isa = PBXBuildFile; fileRef = D7312B0B285F861F00AF5261 /* Algorithm.swift */; };
		D7312B0E285F863500AF5261 /* AlgorithmViewModel.swift in Sources */ = {isa = PBXBuildFile; fileRef = D7312B0D285F863500AF5261 /* AlgorithmViewModel.swift */; };
		D7312B102862D88500AF5261 /* ListOfAlgorithms.swift in Sources */ = {isa = PBXBuildFile; fileRef = D7312B0F2862D88500AF5261 /* ListOfAlgorithms.swift */; };
		D7312B122862DD1700AF5261 /* AlgorithmView.swift in Sources */ = {isa = PBXBuildFile; fileRef = D7312B112862DD1700AF5261 /* AlgorithmView.swift */; };
		D7312B142862EF8500AF5261 /* SizePreferenceKey.swift in Sources */ = {isa = PBXBuildFile; fileRef = D7312B132862EF8500AF5261 /* SizePreferenceKey.swift */; };
		D7312B162862F6ED00AF5261 /* InfoView.swift in Sources */ = {isa = PBXBuildFile; fileRef = D7312B152862F6ED00AF5261 /* InfoView.swift */; };
		D7312B1928631B7D00AF5261 /* DocumentManager.swift in Sources */ = {isa = PBXBuildFile; fileRef = D7312B1828631B7D00AF5261 /* DocumentManager.swift */; };
		D7312B1B28632DBA00AF5261 /* Extension + FileManager.swift in Sources */ = {isa = PBXBuildFile; fileRef = D7312B1A28632DBA00AF5261 /* Extension + FileManager.swift */; };
		D7312B1E286357AD00AF5261 /* Extension + UTType.swift in Sources */ = {isa = PBXBuildFile; fileRef = D7312B1D286357AD00AF5261 /* Extension + UTType.swift */; };
		D7312B23286613F000AF5261 /* Combination.swift in Sources */ = {isa = PBXBuildFile; fileRef = D7312B22286613EB00AF5261 /* Combination.swift */; };
		D7312B252866141100AF5261 /* Direction.swift in Sources */ = {isa = PBXBuildFile; fileRef = D7312B242866141100AF5261 /* Direction.swift */; };
		D7312B282866234D00AF5261 /* AlgorithmsData.xcdatamodeld in Sources */ = {isa = PBXBuildFile; fileRef = D7312B262866234C00AF5261 /* AlgorithmsData.xcdatamodeld */; };
		D7312BCC2866587900AF5261 /* DataManager.swift in Sources */ = {isa = PBXBuildFile; fileRef = D7312BCB2866587900AF5261 /* DataManager.swift */; };
		D7312C9528670AF700AF5261 /* DirectionEntity+CoreDataClass.swift in Sources */ = {isa = PBXBuildFile; fileRef = D7312C8728670AF700AF5261 /* DirectionEntity+CoreDataClass.swift */; };
		D7312C9628670AF700AF5261 /* DirectionEntity+CoreDataProperties.swift in Sources */ = {isa = PBXBuildFile; fileRef = D7312C8828670AF700AF5261 /* DirectionEntity+CoreDataProperties.swift */; };
		D7312C9728670AF700AF5261 /* CombinationEntity+CoreDataClass.swift in Sources */ = {isa = PBXBuildFile; fileRef = D7312C8928670AF700AF5261 /* CombinationEntity+CoreDataClass.swift */; };
		D7312C9828670AF700AF5261 /* CombinationEntity+CoreDataProperties.swift in Sources */ = {isa = PBXBuildFile; fileRef = D7312C8A28670AF700AF5261 /* CombinationEntity+CoreDataProperties.swift */; };
		D7312C9B28670AF700AF5261 /* TapeComponentEntity+CoreDataClass.swift in Sources */ = {isa = PBXBuildFile; fileRef = D7312C8D28670AF700AF5261 /* TapeComponentEntity+CoreDataClass.swift */; };
		D7312C9C28670AF700AF5261 /* TapeComponentEntity+CoreDataProperties.swift in Sources */ = {isa = PBXBuildFile; fileRef = D7312C8E28670AF700AF5261 /* TapeComponentEntity+CoreDataProperties.swift */; };
		D7312C9D28670AF700AF5261 /* OptionEntity+CoreDataClass.swift in Sources */ = {isa = PBXBuildFile; fileRef = D7312C8F28670AF700AF5261 /* OptionEntity+CoreDataClass.swift */; };
		D7312C9E28670AF700AF5261 /* OptionEntity+CoreDataProperties.swift in Sources */ = {isa = PBXBuildFile; fileRef = D7312C9028670AF700AF5261 /* OptionEntity+CoreDataProperties.swift */; };
		D7312C9F28670AF700AF5261 /* TapeEntity+CoreDataClass.swift in Sources */ = {isa = PBXBuildFile; fileRef = D7312C9128670AF700AF5261 /* TapeEntity+CoreDataClass.swift */; };
		D7312CA028670AF700AF5261 /* TapeEntity+CoreDataProperties.swift in Sources */ = {isa = PBXBuildFile; fileRef = D7312C9228670AF700AF5261 /* TapeEntity+CoreDataProperties.swift */; };
		D7312CA128670AF700AF5261 /* StateQEntity+CoreDataClass.swift in Sources */ = {isa = PBXBuildFile; fileRef = D7312C9328670AF700AF5261 /* StateQEntity+CoreDataClass.swift */; };
		D7312CA228670AF700AF5261 /* StateQEntity+CoreDataProperties.swift in Sources */ = {isa = PBXBuildFile; fileRef = D7312C9428670AF700AF5261 /* StateQEntity+CoreDataProperties.swift */; };
		D73A2C44286A3C320057CB55 /* UserHelp.swift in Sources */ = {isa = PBXBuildFile; fileRef = D73A2C43286A3C320057CB55 /* UserHelp.swift */; };
		D73A2C47286A563E0057CB55 /* AlgorithmEntity+CoreDataClass.swift in Sources */ = {isa = PBXBuildFile; fileRef = D73A2C45286A563E0057CB55 /* AlgorithmEntity+CoreDataClass.swift */; };
		D73A2C48286A563E0057CB55 /* AlgorithmEntity+CoreDataProperties.swift in Sources */ = {isa = PBXBuildFile; fileRef = D73A2C46286A563E0057CB55 /* AlgorithmEntity+CoreDataProperties.swift */; };
		D744288E285385E60073C9E2 /* ChooseCharView.swift in Sources */ = {isa = PBXBuildFile; fileRef = D744288D285385E50073C9E2 /* ChooseCharView.swift */; };
		D7442890285389DC0073C9E2 /* ChooseDirectionView.swift in Sources */ = {isa = PBXBuildFile; fileRef = D744288F285389DC0073C9E2 /* ChooseDirectionView.swift */; };
		D74428922854AA130073C9E2 /* TapButtonStyle.swift in Sources */ = {isa = PBXBuildFile; fileRef = D74428912854AA130073C9E2 /* TapButtonStyle.swift */; };
		D74428982854EBC40073C9E2 /* ChooseStateView.swift in Sources */ = {isa = PBXBuildFile; fileRef = D74428972854EBC40073C9E2 /* ChooseStateView.swift */; };
		D744289B285754FE0073C9E2 /* PlayStack.swift in Sources */ = {isa = PBXBuildFile; fileRef = D744289A285754FD0073C9E2 /* PlayStack.swift */; };
		D744289D285759B10073C9E2 /* InfoPopupView.swift in Sources */ = {isa = PBXBuildFile; fileRef = D744289C285759B10073C9E2 /* InfoPopupView.swift */; };
		D780989B284CEA2100C4DDF0 /* CombinationsListView.swift in Sources */ = {isa = PBXBuildFile; fileRef = D780989A284CEA2100C4DDF0 /* CombinationsListView.swift */; };
		D780989D284CEC4E00C4DDF0 /* CombinationSettings.swift in Sources */ = {isa = PBXBuildFile; fileRef = D780989C284CEC4E00C4DDF0 /* CombinationSettings.swift */; };
		D780989F284CF8F900C4DDF0 /* CombinationView.swift in Sources */ = {isa = PBXBuildFile; fileRef = D780989E284CF8F900C4DDF0 /* CombinationView.swift */; };
		D78098A4284DC83900C4DDF0 /* BindingPreviewWrapper.swift in Sources */ = {isa = PBXBuildFile; fileRef = D78098A3284DC83900C4DDF0 /* BindingPreviewWrapper.swift */; };
		D78098A9284DF29100C4DDF0 /* StateQ.swift in Sources */ = {isa = PBXBuildFile; fileRef = D78098A8284DF29100C4DDF0 /* StateQ.swift */; };
		D78098AD284DFC0600C4DDF0 /* TapeSectionOpening.swift in Sources */ = {isa = PBXBuildFile; fileRef = D78098AC284DFC0600C4DDF0 /* TapeSectionOpening.swift */; };
		D78098B1284E150200C4DDF0 /* Tapes.swift in Sources */ = {isa = PBXBuildFile; fileRef = D78098B0284E150200C4DDF0 /* Tapes.swift */; };
		D78098B5284E1AA800C4DDF0 /* TapesWorkView.swift in Sources */ = {isa = PBXBuildFile; fileRef = D78098B4284E1AA800C4DDF0 /* TapesWorkView.swift */; };
		D78098B7284E1CF200C4DDF0 /* RoundedCornersBackground.swift in Sources */ = {isa = PBXBuildFile; fileRef = D78098B6284E1CF200C4DDF0 /* RoundedCornersBackground.swift */; };
		D78098BC284E2A4400C4DDF0 /* ChooseStartStateView.swift in Sources */ = {isa = PBXBuildFile; fileRef = D78098BB284E2A4400C4DDF0 /* ChooseStartStateView.swift */; };
		D78098C6284F47BE00C4DDF0 /* ConfigurationsView.swift in Sources */ = {isa = PBXBuildFile; fileRef = D78098C5284F47BE00C4DDF0 /* ConfigurationsView.swift */; };
		D7C1E0EE285B4695005662A9 /* HexagonShape.swift in Sources */ = {isa = PBXBuildFile; fileRef = D7C1E0ED285B4695005662A9 /* HexagonShape.swift */; };
		D7C1E0F2285B61B7005662A9 /* StatesHoneyGrid.swift in Sources */ = {isa = PBXBuildFile; fileRef = D7C1E0F1285B61B6005662A9 /* StatesHoneyGrid.swift */; };
		D7C1E0F4285B6FC3005662A9 /* StateHoneyGridCell.swift in Sources */ = {isa = PBXBuildFile; fileRef = D7C1E0F3285B6FC3005662A9 /* StateHoneyGridCell.swift */; };
		D7C1E0F7285BBFBA005662A9 /* DefaultDataManager.swift in Sources */ = {isa = PBXBuildFile; fileRef = D7C1E0F6285BBFBA005662A9 /* DefaultDataManager.swift */; };
		D7C1E0F9285DED61005662A9 /* RootPresentationEnvironmentKey.swift in Sources */ = {isa = PBXBuildFile; fileRef = D7C1E0F8285DED61005662A9 /* RootPresentationEnvironmentKey.swift */; };
		D7CF6DD027DE288A0010949B /* MobileTuringMachineApp.swift in Sources */ = {isa = PBXBuildFile; fileRef = D7CF6DCF27DE288A0010949B /* MobileTuringMachineApp.swift */; };
		D7CF6DD227DE288A0010949B /* ContentView.swift in Sources */ = {isa = PBXBuildFile; fileRef = D7CF6DD127DE288A0010949B /* ContentView.swift */; };
		D7CF6DD427DE28910010949B /* Assets.xcassets in Resources */ = {isa = PBXBuildFile; fileRef = D7CF6DD327DE28910010949B /* Assets.xcassets */; };
		D7CF6DD727DE28910010949B /* Preview Assets.xcassets in Resources */ = {isa = PBXBuildFile; fileRef = D7CF6DD627DE28910010949B /* Preview Assets.xcassets */; };
		D7CF6DDF27DE28A20010949B /* TapeContentView.swift in Sources */ = {isa = PBXBuildFile; fileRef = D7CF6DDE27DE28A20010949B /* TapeContentView.swift */; };
		D7CF6DE327DE29180010949B /* TapeComponent.swift in Sources */ = {isa = PBXBuildFile; fileRef = D7CF6DE227DE29180010949B /* TapeComponent.swift */; };
		D7CF6DE727DE312D0010949B /* TapeView.swift in Sources */ = {isa = PBXBuildFile; fileRef = D7CF6DE627DE312D0010949B /* TapeView.swift */; };
		D7CF6DEC27DE53B60010949B /* InputView.swift in Sources */ = {isa = PBXBuildFile; fileRef = D7CF6DEB27DE53B60010949B /* InputView.swift */; };
		D7CF6DEF27DE606F0010949B /* Extension + Color.swift in Sources */ = {isa = PBXBuildFile; fileRef = D7CF6DEE27DE606F0010949B /* Extension + Color.swift */; };
		D7CF6DF127DE64000010949B /* ConfigTapesView.swift in Sources */ = {isa = PBXBuildFile; fileRef = D7CF6DF027DE64000010949B /* ConfigTapesView.swift */; };
		D7CF6DF527DE731F0010949B /* TapeView + ConfigTapesView.swift in Sources */ = {isa = PBXBuildFile; fileRef = D7CF6DF427DE731F0010949B /* TapeView + ConfigTapesView.swift */; };
		D7CF6DF727DE8F080010949B /* Tape.swift in Sources */ = {isa = PBXBuildFile; fileRef = D7CF6DF627DE8F080010949B /* Tape.swift */; };
/* End PBXBuildFile section */

/* Begin PBXFileReference section */
		D7057FAE284A8CC70008E7E3 /* Extension + View.swift */ = {isa = PBXFileReference; lastKnownFileType = sourcecode.swift; path = "Extension + View.swift"; sourceTree = "<group>"; };
		D721795D27E4ED4B00F39152 /* Option.swift */ = {isa = PBXFileReference; lastKnownFileType = sourcecode.swift; path = Option.swift; sourceTree = "<group>"; };
		D7312B0B285F861F00AF5261 /* Algorithm.swift */ = {isa = PBXFileReference; lastKnownFileType = sourcecode.swift; path = Algorithm.swift; sourceTree = "<group>"; };
		D7312B0D285F863500AF5261 /* AlgorithmViewModel.swift */ = {isa = PBXFileReference; lastKnownFileType = sourcecode.swift; path = AlgorithmViewModel.swift; sourceTree = "<group>"; };
		D7312B0F2862D88500AF5261 /* ListOfAlgorithms.swift */ = {isa = PBXFileReference; lastKnownFileType = sourcecode.swift; path = ListOfAlgorithms.swift; sourceTree = "<group>"; };
		D7312B112862DD1700AF5261 /* AlgorithmView.swift */ = {isa = PBXFileReference; lastKnownFileType = sourcecode.swift; path = AlgorithmView.swift; sourceTree = "<group>"; };
		D7312B132862EF8500AF5261 /* SizePreferenceKey.swift */ = {isa = PBXFileReference; lastKnownFileType = sourcecode.swift; path = SizePreferenceKey.swift; sourceTree = "<group>"; };
		D7312B152862F6ED00AF5261 /* InfoView.swift */ = {isa = PBXFileReference; lastKnownFileType = sourcecode.swift; path = InfoView.swift; sourceTree = "<group>"; };
		D7312B1828631B7D00AF5261 /* DocumentManager.swift */ = {isa = PBXFileReference; lastKnownFileType = sourcecode.swift; path = DocumentManager.swift; sourceTree = "<group>"; };
		D7312B1A28632DBA00AF5261 /* Extension + FileManager.swift */ = {isa = PBXFileReference; lastKnownFileType = sourcecode.swift; path = "Extension + FileManager.swift"; sourceTree = "<group>"; };
		D7312B1C28632E5E00AF5261 /* Info.plist */ = {isa = PBXFileReference; lastKnownFileType = text.plist.xml; path = Info.plist; sourceTree = "<group>"; };
		D7312B1D286357AD00AF5261 /* Extension + UTType.swift */ = {isa = PBXFileReference; lastKnownFileType = sourcecode.swift; path = "Extension + UTType.swift"; sourceTree = "<group>"; };
		D7312B22286613EB00AF5261 /* Combination.swift */ = {isa = PBXFileReference; lastKnownFileType = sourcecode.swift; path = Combination.swift; sourceTree = "<group>"; };
		D7312B242866141100AF5261 /* Direction.swift */ = {isa = PBXFileReference; lastKnownFileType = sourcecode.swift; path = Direction.swift; sourceTree = "<group>"; };
		D7312B272866234D00AF5261 /* AlgorithmsData.xcdatamodel */ = {isa = PBXFileReference; lastKnownFileType = wrapper.xcdatamodel; path = AlgorithmsData.xcdatamodel; sourceTree = "<group>"; };
		D7312BCB2866587900AF5261 /* DataManager.swift */ = {isa = PBXFileReference; lastKnownFileType = sourcecode.swift; path = DataManager.swift; sourceTree = "<group>"; };
		D7312C8728670AF700AF5261 /* DirectionEntity+CoreDataClass.swift */ = {isa = PBXFileReference; lastKnownFileType = sourcecode.swift; path = "DirectionEntity+CoreDataClass.swift"; sourceTree = "<group>"; };
		D7312C8828670AF700AF5261 /* DirectionEntity+CoreDataProperties.swift */ = {isa = PBXFileReference; lastKnownFileType = sourcecode.swift; path = "DirectionEntity+CoreDataProperties.swift"; sourceTree = "<group>"; };
		D7312C8928670AF700AF5261 /* CombinationEntity+CoreDataClass.swift */ = {isa = PBXFileReference; lastKnownFileType = sourcecode.swift; path = "CombinationEntity+CoreDataClass.swift"; sourceTree = "<group>"; };
		D7312C8A28670AF700AF5261 /* CombinationEntity+CoreDataProperties.swift */ = {isa = PBXFileReference; lastKnownFileType = sourcecode.swift; path = "CombinationEntity+CoreDataProperties.swift"; sourceTree = "<group>"; };
		D7312C8D28670AF700AF5261 /* TapeComponentEntity+CoreDataClass.swift */ = {isa = PBXFileReference; lastKnownFileType = sourcecode.swift; path = "TapeComponentEntity+CoreDataClass.swift"; sourceTree = "<group>"; };
		D7312C8E28670AF700AF5261 /* TapeComponentEntity+CoreDataProperties.swift */ = {isa = PBXFileReference; lastKnownFileType = sourcecode.swift; path = "TapeComponentEntity+CoreDataProperties.swift"; sourceTree = "<group>"; };
		D7312C8F28670AF700AF5261 /* OptionEntity+CoreDataClass.swift */ = {isa = PBXFileReference; lastKnownFileType = sourcecode.swift; path = "OptionEntity+CoreDataClass.swift"; sourceTree = "<group>"; };
		D7312C9028670AF700AF5261 /* OptionEntity+CoreDataProperties.swift */ = {isa = PBXFileReference; lastKnownFileType = sourcecode.swift; path = "OptionEntity+CoreDataProperties.swift"; sourceTree = "<group>"; };
		D7312C9128670AF700AF5261 /* TapeEntity+CoreDataClass.swift */ = {isa = PBXFileReference; lastKnownFileType = sourcecode.swift; path = "TapeEntity+CoreDataClass.swift"; sourceTree = "<group>"; };
		D7312C9228670AF700AF5261 /* TapeEntity+CoreDataProperties.swift */ = {isa = PBXFileReference; lastKnownFileType = sourcecode.swift; path = "TapeEntity+CoreDataProperties.swift"; sourceTree = "<group>"; };
		D7312C9328670AF700AF5261 /* StateQEntity+CoreDataClass.swift */ = {isa = PBXFileReference; lastKnownFileType = sourcecode.swift; path = "StateQEntity+CoreDataClass.swift"; sourceTree = "<group>"; };
		D7312C9428670AF700AF5261 /* StateQEntity+CoreDataProperties.swift */ = {isa = PBXFileReference; lastKnownFileType = sourcecode.swift; path = "StateQEntity+CoreDataProperties.swift"; sourceTree = "<group>"; };
		D73A2C43286A3C320057CB55 /* UserHelp.swift */ = {isa = PBXFileReference; lastKnownFileType = sourcecode.swift; path = UserHelp.swift; sourceTree = "<group>"; };
		D73A2C45286A563E0057CB55 /* AlgorithmEntity+CoreDataClass.swift */ = {isa = PBXFileReference; lastKnownFileType = sourcecode.swift; path = "AlgorithmEntity+CoreDataClass.swift"; sourceTree = "<group>"; };
		D73A2C46286A563E0057CB55 /* AlgorithmEntity+CoreDataProperties.swift */ = {isa = PBXFileReference; lastKnownFileType = sourcecode.swift; path = "AlgorithmEntity+CoreDataProperties.swift"; sourceTree = "<group>"; };
		D744288D285385E50073C9E2 /* ChooseCharView.swift */ = {isa = PBXFileReference; lastKnownFileType = sourcecode.swift; path = ChooseCharView.swift; sourceTree = "<group>"; };
		D744288F285389DC0073C9E2 /* ChooseDirectionView.swift */ = {isa = PBXFileReference; lastKnownFileType = sourcecode.swift; path = ChooseDirectionView.swift; sourceTree = "<group>"; };
		D74428912854AA130073C9E2 /* TapButtonStyle.swift */ = {isa = PBXFileReference; lastKnownFileType = sourcecode.swift; path = TapButtonStyle.swift; sourceTree = "<group>"; };
		D74428972854EBC40073C9E2 /* ChooseStateView.swift */ = {isa = PBXFileReference; lastKnownFileType = sourcecode.swift; path = ChooseStateView.swift; sourceTree = "<group>"; };
		D744289A285754FD0073C9E2 /* PlayStack.swift */ = {isa = PBXFileReference; lastKnownFileType = sourcecode.swift; path = PlayStack.swift; sourceTree = "<group>"; };
		D744289C285759B10073C9E2 /* InfoPopupView.swift */ = {isa = PBXFileReference; lastKnownFileType = sourcecode.swift; path = InfoPopupView.swift; sourceTree = "<group>"; };
		D780989A284CEA2100C4DDF0 /* CombinationsListView.swift */ = {isa = PBXFileReference; lastKnownFileType = sourcecode.swift; path = CombinationsListView.swift; sourceTree = "<group>"; };
		D780989C284CEC4E00C4DDF0 /* CombinationSettings.swift */ = {isa = PBXFileReference; lastKnownFileType = sourcecode.swift; path = CombinationSettings.swift; sourceTree = "<group>"; };
		D780989E284CF8F900C4DDF0 /* CombinationView.swift */ = {isa = PBXFileReference; lastKnownFileType = sourcecode.swift; path = CombinationView.swift; sourceTree = "<group>"; };
		D78098A3284DC83900C4DDF0 /* BindingPreviewWrapper.swift */ = {isa = PBXFileReference; lastKnownFileType = sourcecode.swift; path = BindingPreviewWrapper.swift; sourceTree = "<group>"; };
		D78098A8284DF29100C4DDF0 /* StateQ.swift */ = {isa = PBXFileReference; lastKnownFileType = sourcecode.swift; path = StateQ.swift; sourceTree = "<group>"; };
		D78098AC284DFC0600C4DDF0 /* TapeSectionOpening.swift */ = {isa = PBXFileReference; lastKnownFileType = sourcecode.swift; path = TapeSectionOpening.swift; sourceTree = "<group>"; };
		D78098B0284E150200C4DDF0 /* Tapes.swift */ = {isa = PBXFileReference; lastKnownFileType = sourcecode.swift; path = Tapes.swift; sourceTree = "<group>"; };
		D78098B4284E1AA800C4DDF0 /* TapesWorkView.swift */ = {isa = PBXFileReference; lastKnownFileType = sourcecode.swift; path = TapesWorkView.swift; sourceTree = "<group>"; };
		D78098B6284E1CF200C4DDF0 /* RoundedCornersBackground.swift */ = {isa = PBXFileReference; lastKnownFileType = sourcecode.swift; path = RoundedCornersBackground.swift; sourceTree = "<group>"; };
		D78098BB284E2A4400C4DDF0 /* ChooseStartStateView.swift */ = {isa = PBXFileReference; lastKnownFileType = sourcecode.swift; path = ChooseStartStateView.swift; sourceTree = "<group>"; };
		D78098C5284F47BE00C4DDF0 /* ConfigurationsView.swift */ = {isa = PBXFileReference; lastKnownFileType = sourcecode.swift; path = ConfigurationsView.swift; sourceTree = "<group>"; };
		D7C1E0ED285B4695005662A9 /* HexagonShape.swift */ = {isa = PBXFileReference; lastKnownFileType = sourcecode.swift; path = HexagonShape.swift; sourceTree = "<group>"; };
		D7C1E0F1285B61B6005662A9 /* StatesHoneyGrid.swift */ = {isa = PBXFileReference; lastKnownFileType = sourcecode.swift; path = StatesHoneyGrid.swift; sourceTree = "<group>"; };
		D7C1E0F3285B6FC3005662A9 /* StateHoneyGridCell.swift */ = {isa = PBXFileReference; lastKnownFileType = sourcecode.swift; path = StateHoneyGridCell.swift; sourceTree = "<group>"; };
		D7C1E0F6285BBFBA005662A9 /* DefaultDataManager.swift */ = {isa = PBXFileReference; lastKnownFileType = sourcecode.swift; path = DefaultDataManager.swift; sourceTree = "<group>"; };
		D7C1E0F8285DED61005662A9 /* RootPresentationEnvironmentKey.swift */ = {isa = PBXFileReference; lastKnownFileType = sourcecode.swift; path = RootPresentationEnvironmentKey.swift; sourceTree = "<group>"; };
		D7CF6DCC27DE288A0010949B /* MobileTuringMachine.app */ = {isa = PBXFileReference; explicitFileType = wrapper.application; includeInIndex = 0; path = MobileTuringMachine.app; sourceTree = BUILT_PRODUCTS_DIR; };
		D7CF6DCF27DE288A0010949B /* MobileTuringMachineApp.swift */ = {isa = PBXFileReference; lastKnownFileType = sourcecode.swift; path = MobileTuringMachineApp.swift; sourceTree = "<group>"; };
		D7CF6DD127DE288A0010949B /* ContentView.swift */ = {isa = PBXFileReference; lastKnownFileType = sourcecode.swift; path = ContentView.swift; sourceTree = "<group>"; };
		D7CF6DD327DE28910010949B /* Assets.xcassets */ = {isa = PBXFileReference; lastKnownFileType = folder.assetcatalog; path = Assets.xcassets; sourceTree = "<group>"; };
		D7CF6DD627DE28910010949B /* Preview Assets.xcassets */ = {isa = PBXFileReference; lastKnownFileType = folder.assetcatalog; path = "Preview Assets.xcassets"; sourceTree = "<group>"; };
		D7CF6DDE27DE28A20010949B /* TapeContentView.swift */ = {isa = PBXFileReference; lastKnownFileType = sourcecode.swift; path = TapeContentView.swift; sourceTree = "<group>"; };
		D7CF6DE227DE29180010949B /* TapeComponent.swift */ = {isa = PBXFileReference; lastKnownFileType = sourcecode.swift; path = TapeComponent.swift; sourceTree = "<group>"; };
		D7CF6DE627DE312D0010949B /* TapeView.swift */ = {isa = PBXFileReference; lastKnownFileType = sourcecode.swift; path = TapeView.swift; sourceTree = "<group>"; };
		D7CF6DEB27DE53B60010949B /* InputView.swift */ = {isa = PBXFileReference; lastKnownFileType = sourcecode.swift; path = InputView.swift; sourceTree = "<group>"; };
		D7CF6DEE27DE606F0010949B /* Extension + Color.swift */ = {isa = PBXFileReference; lastKnownFileType = sourcecode.swift; path = "Extension + Color.swift"; sourceTree = "<group>"; };
		D7CF6DF027DE64000010949B /* ConfigTapesView.swift */ = {isa = PBXFileReference; lastKnownFileType = sourcecode.swift; path = ConfigTapesView.swift; sourceTree = "<group>"; };
		D7CF6DF427DE731F0010949B /* TapeView + ConfigTapesView.swift */ = {isa = PBXFileReference; lastKnownFileType = sourcecode.swift; path = "TapeView + ConfigTapesView.swift"; sourceTree = "<group>"; };
		D7CF6DF627DE8F080010949B /* Tape.swift */ = {isa = PBXFileReference; lastKnownFileType = sourcecode.swift; path = Tape.swift; sourceTree = "<group>"; };
/* End PBXFileReference section */

/* Begin PBXFrameworksBuildPhase section */
		D7CF6DC927DE288A0010949B /* Frameworks */ = {
			isa = PBXFrameworksBuildPhase;
			buildActionMask = 2147483647;
			files = (
			);
			runOnlyForDeploymentPostprocessing = 0;
		};
/* End PBXFrameworksBuildPhase section */

/* Begin PBXGroup section */
		D7312B08285F79E600AF5261 /* Services */ = {
			isa = PBXGroup;
			children = (
				D7C1E0F6285BBFBA005662A9 /* DefaultDataManager.swift */,
				D7312B1828631B7D00AF5261 /* DocumentManager.swift */,
				D7312BCB2866587900AF5261 /* DataManager.swift */,
			);
			path = Services;
			sourceTree = "<group>";
		};
		D7312B1F286360E700AF5261 /* Supporting Files */ = {
			isa = PBXGroup;
			children = (
				D7312B1C28632E5E00AF5261 /* Info.plist */,
			);
			path = "Supporting Files";
			sourceTree = "<group>";
		};
		D7312CA328670B0200AF5261 /* CoreDataEntities */ = {
			isa = PBXGroup;
			children = (
				D73A2C45286A563E0057CB55 /* AlgorithmEntity+CoreDataClass.swift */,
				D73A2C46286A563E0057CB55 /* AlgorithmEntity+CoreDataProperties.swift */,
				D7312C8728670AF700AF5261 /* DirectionEntity+CoreDataClass.swift */,
				D7312C8828670AF700AF5261 /* DirectionEntity+CoreDataProperties.swift */,
				D7312C8928670AF700AF5261 /* CombinationEntity+CoreDataClass.swift */,
				D7312C8A28670AF700AF5261 /* CombinationEntity+CoreDataProperties.swift */,
				D7312C8D28670AF700AF5261 /* TapeComponentEntity+CoreDataClass.swift */,
				D7312C8E28670AF700AF5261 /* TapeComponentEntity+CoreDataProperties.swift */,
				D7312C8F28670AF700AF5261 /* OptionEntity+CoreDataClass.swift */,
				D7312C9028670AF700AF5261 /* OptionEntity+CoreDataProperties.swift */,
				D7312C9128670AF700AF5261 /* TapeEntity+CoreDataClass.swift */,
				D7312C9228670AF700AF5261 /* TapeEntity+CoreDataProperties.swift */,
				D7312C9328670AF700AF5261 /* StateQEntity+CoreDataClass.swift */,
				D7312C9428670AF700AF5261 /* StateQEntity+CoreDataProperties.swift */,
			);
			path = CoreDataEntities;
			sourceTree = "<group>";
		};
		D7442899285754E20073C9E2 /* PlayButton */ = {
			isa = PBXGroup;
			children = (
				D744289A285754FD0073C9E2 /* PlayStack.swift */,
				D744289C285759B10073C9E2 /* InfoPopupView.swift */,
			);
			path = PlayButton;
			sourceTree = "<group>";
		};
		D7809892284CE47300C4DDF0 /* States */ = {
			isa = PBXGroup;
			children = (
				D7C1E0EC285B4664005662A9 /* HoneyGrid */,
				D780989A284CEA2100C4DDF0 /* CombinationsListView.swift */,
				D780989E284CF8F900C4DDF0 /* CombinationView.swift */,
				D74428972854EBC40073C9E2 /* ChooseStateView.swift */,
				D780989C284CEC4E00C4DDF0 /* CombinationSettings.swift */,
				D744288D285385E50073C9E2 /* ChooseCharView.swift */,
				D744288F285389DC0073C9E2 /* ChooseDirectionView.swift */,
			);
			path = States;
			sourceTree = "<group>";
		};
		D78098A2284DC80D00C4DDF0 /* Helpers */ = {
			isa = PBXGroup;
			children = (
				D78098A3284DC83900C4DDF0 /* BindingPreviewWrapper.swift */,
				D78098B6284E1CF200C4DDF0 /* RoundedCornersBackground.swift */,
				D74428912854AA130073C9E2 /* TapButtonStyle.swift */,
				D7C1E0F8285DED61005662A9 /* RootPresentationEnvironmentKey.swift */,
				D7312B132862EF8500AF5261 /* SizePreferenceKey.swift */,
			);
			path = Helpers;
			sourceTree = "<group>";
		};
		D78098A7284DF23300C4DDF0 /* Tapes */ = {
			isa = PBXGroup;
			children = (
				D7CF6DDE27DE28A20010949B /* TapeContentView.swift */,
				D7CF6DE627DE312D0010949B /* TapeView.swift */,
				D7CF6DEB27DE53B60010949B /* InputView.swift */,
				D7CF6DF027DE64000010949B /* ConfigTapesView.swift */,
				D7CF6DF427DE731F0010949B /* TapeView + ConfigTapesView.swift */,
				D78098AC284DFC0600C4DDF0 /* TapeSectionOpening.swift */,
				D78098B0284E150200C4DDF0 /* Tapes.swift */,
				D78098B4284E1AA800C4DDF0 /* TapesWorkView.swift */,
			);
			path = Tapes;
			sourceTree = "<group>";
		};
		D78098B8284E211400C4DDF0 /* Home */ = {
			isa = PBXGroup;
			children = (
				D7312B0F2862D88500AF5261 /* ListOfAlgorithms.swift */,
				D7312B112862DD1700AF5261 /* AlgorithmView.swift */,
				D7312B152862F6ED00AF5261 /* InfoView.swift */,
				D78098C5284F47BE00C4DDF0 /* ConfigurationsView.swift */,
				D78098BB284E2A4400C4DDF0 /* ChooseStartStateView.swift */,
				D73A2C43286A3C320057CB55 /* UserHelp.swift */,
				D7442899285754E20073C9E2 /* PlayButton */,
			);
			path = Home;
			sourceTree = "<group>";
		};
		D7C1E0EC285B4664005662A9 /* HoneyGrid */ = {
			isa = PBXGroup;
			children = (
				D7C1E0ED285B4695005662A9 /* HexagonShape.swift */,
				D7C1E0F3285B6FC3005662A9 /* StateHoneyGridCell.swift */,
				D7C1E0F1285B61B6005662A9 /* StatesHoneyGrid.swift */,
			);
			path = HoneyGrid;
			sourceTree = "<group>";
		};
		D7CF6DC327DE288A0010949B = {
			isa = PBXGroup;
			children = (
				D7CF6DCE27DE288A0010949B /* MobileTuringMachine */,
				D7CF6DCD27DE288A0010949B /* Products */,
			);
			sourceTree = "<group>";
		};
		D7CF6DCD27DE288A0010949B /* Products */ = {
			isa = PBXGroup;
			children = (
				D7CF6DCC27DE288A0010949B /* MobileTuringMachine.app */,
			);
			name = Products;
			sourceTree = "<group>";
		};
		D7CF6DCE27DE288A0010949B /* MobileTuringMachine */ = {
			isa = PBXGroup;
			children = (
				D7CF6DCF27DE288A0010949B /* MobileTuringMachineApp.swift */,
				D7CF6DD127DE288A0010949B /* ContentView.swift */,
				D7312B1F286360E700AF5261 /* Supporting Files */,
				D7312B08285F79E600AF5261 /* Services */,
				D78098A2284DC80D00C4DDF0 /* Helpers */,
				D7CF6DED27DE60580010949B /* Extensions */,
				D7CF6DE127DE28F30010949B /* Model */,
				D7CF6DE027DE28E70010949B /* ViewModel */,
				D7CF6DDD27DE28960010949B /* View */,
				D7CF6DD327DE28910010949B /* Assets.xcassets */,
				D7CF6DD527DE28910010949B /* Preview Content */,
			);
			path = MobileTuringMachine;
			sourceTree = "<group>";
		};
		D7CF6DD527DE28910010949B /* Preview Content */ = {
			isa = PBXGroup;
			children = (
				D7CF6DD627DE28910010949B /* Preview Assets.xcassets */,
			);
			path = "Preview Content";
			sourceTree = "<group>";
		};
		D7CF6DDD27DE28960010949B /* View */ = {
			isa = PBXGroup;
			children = (
				D78098B8284E211400C4DDF0 /* Home */,
				D78098A7284DF23300C4DDF0 /* Tapes */,
				D7809892284CE47300C4DDF0 /* States */,
			);
			path = View;
			sourceTree = "<group>";
		};
		D7CF6DE027DE28E70010949B /* ViewModel */ = {
			isa = PBXGroup;
			children = (
				D7312B0D285F863500AF5261 /* AlgorithmViewModel.swift */,
			);
			path = ViewModel;
			sourceTree = "<group>";
		};
		D7CF6DE127DE28F30010949B /* Model */ = {
			isa = PBXGroup;
			children = (
				D7312B262866234C00AF5261 /* AlgorithmsData.xcdatamodeld */,
				D7312CA328670B0200AF5261 /* CoreDataEntities */,
				D7CF6DF627DE8F080010949B /* Tape.swift */,
				D7CF6DE227DE29180010949B /* TapeComponent.swift */,
				D78098A8284DF29100C4DDF0 /* StateQ.swift */,
				D721795D27E4ED4B00F39152 /* Option.swift */,
				D7312B22286613EB00AF5261 /* Combination.swift */,
				D7312B242866141100AF5261 /* Direction.swift */,
				D7312B0B285F861F00AF5261 /* Algorithm.swift */,
			);
			path = Model;
			sourceTree = "<group>";
		};
		D7CF6DED27DE60580010949B /* Extensions */ = {
			isa = PBXGroup;
			children = (
				D7CF6DEE27DE606F0010949B /* Extension + Color.swift */,
				D7057FAE284A8CC70008E7E3 /* Extension + View.swift */,
				D7312B1A28632DBA00AF5261 /* Extension + FileManager.swift */,
				D7312B1D286357AD00AF5261 /* Extension + UTType.swift */,
			);
			path = Extensions;
			sourceTree = "<group>";
		};
/* End PBXGroup section */

/* Begin PBXNativeTarget section */
		D7CF6DCB27DE288A0010949B /* MobileTuringMachine */ = {
			isa = PBXNativeTarget;
			buildConfigurationList = D7CF6DDA27DE28910010949B /* Build configuration list for PBXNativeTarget "MobileTuringMachine" */;
			buildPhases = (
				D7CF6DC827DE288A0010949B /* Sources */,
				D7CF6DC927DE288A0010949B /* Frameworks */,
				D7CF6DCA27DE288A0010949B /* Resources */,
			);
			buildRules = (
			);
			dependencies = (
			);
			name = MobileTuringMachine;
			productName = MobileTuringMachine;
			productReference = D7CF6DCC27DE288A0010949B /* MobileTuringMachine.app */;
			productType = "com.apple.product-type.application";
		};
/* End PBXNativeTarget section */

/* Begin PBXProject section */
		D7CF6DC427DE288A0010949B /* Project object */ = {
			isa = PBXProject;
			attributes = {
				BuildIndependentTargetsInParallel = 1;
				LastSwiftUpdateCheck = 1320;
				LastUpgradeCheck = 1320;
				TargetAttributes = {
					D7CF6DCB27DE288A0010949B = {
						CreatedOnToolsVersion = 13.2.1;
					};
				};
			};
			buildConfigurationList = D7CF6DC727DE288A0010949B /* Build configuration list for PBXProject "MobileTuringMachine" */;
			compatibilityVersion = "Xcode 13.0";
			developmentRegion = en;
			hasScannedForEncodings = 0;
			knownRegions = (
				en,
				Base,
			);
			mainGroup = D7CF6DC327DE288A0010949B;
			productRefGroup = D7CF6DCD27DE288A0010949B /* Products */;
			projectDirPath = "";
			projectRoot = "";
			targets = (
				D7CF6DCB27DE288A0010949B /* MobileTuringMachine */,
			);
		};
/* End PBXProject section */

/* Begin PBXResourcesBuildPhase section */
		D7CF6DCA27DE288A0010949B /* Resources */ = {
			isa = PBXResourcesBuildPhase;
			buildActionMask = 2147483647;
			files = (
				D7CF6DD727DE28910010949B /* Preview Assets.xcassets in Resources */,
				D7CF6DD427DE28910010949B /* Assets.xcassets in Resources */,
			);
			runOnlyForDeploymentPostprocessing = 0;
		};
/* End PBXResourcesBuildPhase section */

/* Begin PBXSourcesBuildPhase section */
		D7CF6DC827DE288A0010949B /* Sources */ = {
			isa = PBXSourcesBuildPhase;
			buildActionMask = 2147483647;
			files = (
				D7C1E0EE285B4695005662A9 /* HexagonShape.swift in Sources */,
				D7312CA028670AF700AF5261 /* TapeEntity+CoreDataProperties.swift in Sources */,
				D73A2C48286A563E0057CB55 /* AlgorithmEntity+CoreDataProperties.swift in Sources */,
				D7312C9D28670AF700AF5261 /* OptionEntity+CoreDataClass.swift in Sources */,
				D7312C9F28670AF700AF5261 /* TapeEntity+CoreDataClass.swift in Sources */,
				D73A2C47286A563E0057CB55 /* AlgorithmEntity+CoreDataClass.swift in Sources */,
				D7312C9B28670AF700AF5261 /* TapeComponentEntity+CoreDataClass.swift in Sources */,
				D7312B1928631B7D00AF5261 /* DocumentManager.swift in Sources */,
				D7312B1E286357AD00AF5261 /* Extension + UTType.swift in Sources */,
				D7312B0C285F861F00AF5261 /* Algorithm.swift in Sources */,
				D7312B1B28632DBA00AF5261 /* Extension + FileManager.swift in Sources */,
				D78098BC284E2A4400C4DDF0 /* ChooseStartStateView.swift in Sources */,
				D78098A9284DF29100C4DDF0 /* StateQ.swift in Sources */,
				D78098AD284DFC0600C4DDF0 /* TapeSectionOpening.swift in Sources */,
				D7312B23286613F000AF5261 /* Combination.swift in Sources */,
				D7312BCC2866587900AF5261 /* DataManager.swift in Sources */,
				D7CF6DDF27DE28A20010949B /* TapeContentView.swift in Sources */,
				D78098B5284E1AA800C4DDF0 /* TapesWorkView.swift in Sources */,
				D7312C9E28670AF700AF5261 /* OptionEntity+CoreDataProperties.swift in Sources */,
				D744288E285385E60073C9E2 /* ChooseCharView.swift in Sources */,
				D74428922854AA130073C9E2 /* TapButtonStyle.swift in Sources */,
				D7CF6DE727DE312D0010949B /* TapeView.swift in Sources */,
				D7312B282866234D00AF5261 /* AlgorithmsData.xcdatamodeld in Sources */,
				D7312B142862EF8500AF5261 /* SizePreferenceKey.swift in Sources */,
				D7C1E0F9285DED61005662A9 /* RootPresentationEnvironmentKey.swift in Sources */,
				D7312CA128670AF700AF5261 /* StateQEntity+CoreDataClass.swift in Sources */,
				D78098A4284DC83900C4DDF0 /* BindingPreviewWrapper.swift in Sources */,
				D721795E27E4ED4B00F39152 /* Option.swift in Sources */,
				D7C1E0F2285B61B7005662A9 /* StatesHoneyGrid.swift in Sources */,
				D744289B285754FE0073C9E2 /* PlayStack.swift in Sources */,
				D780989D284CEC4E00C4DDF0 /* CombinationSettings.swift in Sources */,
				D7CF6DEF27DE606F0010949B /* Extension + Color.swift in Sources */,
				D7C1E0F4285B6FC3005662A9 /* StateHoneyGridCell.swift in Sources */,
				D74428982854EBC40073C9E2 /* ChooseStateView.swift in Sources */,
				D78098C6284F47BE00C4DDF0 /* ConfigurationsView.swift in Sources */,
				D7CF6DE327DE29180010949B /* TapeComponent.swift in Sources */,
				D7CF6DF127DE64000010949B /* ConfigTapesView.swift in Sources */,
				D7312CA228670AF700AF5261 /* StateQEntity+CoreDataProperties.swift in Sources */,
				D7312B0E285F863500AF5261 /* AlgorithmViewModel.swift in Sources */,
				D780989B284CEA2100C4DDF0 /* CombinationsListView.swift in Sources */,
				D7312C9728670AF700AF5261 /* CombinationEntity+CoreDataClass.swift in Sources */,
				D73A2C44286A3C320057CB55 /* UserHelp.swift in Sources */,
				D780989F284CF8F900C4DDF0 /* CombinationView.swift in Sources */,
				D7312B102862D88500AF5261 /* ListOfAlgorithms.swift in Sources */,
				D7312C9828670AF700AF5261 /* CombinationEntity+CoreDataProperties.swift in Sources */,
				D7312C9C28670AF700AF5261 /* TapeComponentEntity+CoreDataProperties.swift in Sources */,
				D7442890285389DC0073C9E2 /* ChooseDirectionView.swift in Sources */,
				D7CF6DF727DE8F080010949B /* Tape.swift in Sources */,
				D78098B7284E1CF200C4DDF0 /* RoundedCornersBackground.swift in Sources */,
				D7CF6DEC27DE53B60010949B /* InputView.swift in Sources */,
				D7CF6DD227DE288A0010949B /* ContentView.swift in Sources */,
				D7312B162862F6ED00AF5261 /* InfoView.swift in Sources */,
				D7312C9528670AF700AF5261 /* DirectionEntity+CoreDataClass.swift in Sources */,
				D744289D285759B10073C9E2 /* InfoPopupView.swift in Sources */,
				D78098B1284E150200C4DDF0 /* Tapes.swift in Sources */,
				D7C1E0F7285BBFBA005662A9 /* DefaultDataManager.swift in Sources */,
				D7312B252866141100AF5261 /* Direction.swift in Sources */,
				D7312B122862DD1700AF5261 /* AlgorithmView.swift in Sources */,
				D7312C9628670AF700AF5261 /* DirectionEntity+CoreDataProperties.swift in Sources */,
				D7CF6DF527DE731F0010949B /* TapeView + ConfigTapesView.swift in Sources */,
				D7CF6DD027DE288A0010949B /* MobileTuringMachineApp.swift in Sources */,
				D7057FAF284A8CC70008E7E3 /* Extension + View.swift in Sources */,
			);
			runOnlyForDeploymentPostprocessing = 0;
		};
/* End PBXSourcesBuildPhase section */

/* Begin XCBuildConfiguration section */
		D7CF6DD827DE28910010949B /* Debug */ = {
			isa = XCBuildConfiguration;
			buildSettings = {
				ALWAYS_SEARCH_USER_PATHS = NO;
				CLANG_ANALYZER_NONNULL = YES;
				CLANG_ANALYZER_NUMBER_OBJECT_CONVERSION = YES_AGGRESSIVE;
				CLANG_CXX_LANGUAGE_STANDARD = "gnu++17";
				CLANG_CXX_LIBRARY = "libc++";
				CLANG_ENABLE_MODULES = YES;
				CLANG_ENABLE_OBJC_ARC = YES;
				CLANG_ENABLE_OBJC_WEAK = YES;
				CLANG_WARN_BLOCK_CAPTURE_AUTORELEASING = YES;
				CLANG_WARN_BOOL_CONVERSION = YES;
				CLANG_WARN_COMMA = YES;
				CLANG_WARN_CONSTANT_CONVERSION = YES;
				CLANG_WARN_DEPRECATED_OBJC_IMPLEMENTATIONS = YES;
				CLANG_WARN_DIRECT_OBJC_ISA_USAGE = YES_ERROR;
				CLANG_WARN_DOCUMENTATION_COMMENTS = YES;
				CLANG_WARN_EMPTY_BODY = YES;
				CLANG_WARN_ENUM_CONVERSION = YES;
				CLANG_WARN_INFINITE_RECURSION = YES;
				CLANG_WARN_INT_CONVERSION = YES;
				CLANG_WARN_NON_LITERAL_NULL_CONVERSION = YES;
				CLANG_WARN_OBJC_IMPLICIT_RETAIN_SELF = YES;
				CLANG_WARN_OBJC_LITERAL_CONVERSION = YES;
				CLANG_WARN_OBJC_ROOT_CLASS = YES_ERROR;
				CLANG_WARN_QUOTED_INCLUDE_IN_FRAMEWORK_HEADER = YES;
				CLANG_WARN_RANGE_LOOP_ANALYSIS = YES;
				CLANG_WARN_STRICT_PROTOTYPES = YES;
				CLANG_WARN_SUSPICIOUS_MOVE = YES;
				CLANG_WARN_UNGUARDED_AVAILABILITY = YES_AGGRESSIVE;
				CLANG_WARN_UNREACHABLE_CODE = YES;
				CLANG_WARN__DUPLICATE_METHOD_MATCH = YES;
				COPY_PHASE_STRIP = NO;
				DEBUG_INFORMATION_FORMAT = dwarf;
				ENABLE_STRICT_OBJC_MSGSEND = YES;
				ENABLE_TESTABILITY = YES;
				GCC_C_LANGUAGE_STANDARD = gnu11;
				GCC_DYNAMIC_NO_PIC = NO;
				GCC_NO_COMMON_BLOCKS = YES;
				GCC_OPTIMIZATION_LEVEL = 0;
				GCC_PREPROCESSOR_DEFINITIONS = (
					"DEBUG=1",
					"$(inherited)",
				);
				GCC_WARN_64_TO_32_BIT_CONVERSION = YES;
				GCC_WARN_ABOUT_RETURN_TYPE = YES_ERROR;
				GCC_WARN_UNDECLARED_SELECTOR = YES;
				GCC_WARN_UNINITIALIZED_AUTOS = YES_AGGRESSIVE;
				GCC_WARN_UNUSED_FUNCTION = YES;
				GCC_WARN_UNUSED_VARIABLE = YES;
				IPHONEOS_DEPLOYMENT_TARGET = 15.2;
				MTL_ENABLE_DEBUG_INFO = INCLUDE_SOURCE;
				MTL_FAST_MATH = YES;
				ONLY_ACTIVE_ARCH = YES;
				SDKROOT = iphoneos;
				SWIFT_ACTIVE_COMPILATION_CONDITIONS = DEBUG;
				SWIFT_OPTIMIZATION_LEVEL = "-Onone";
			};
			name = Debug;
		};
		D7CF6DD927DE28910010949B /* Release */ = {
			isa = XCBuildConfiguration;
			buildSettings = {
				ALWAYS_SEARCH_USER_PATHS = NO;
				CLANG_ANALYZER_NONNULL = YES;
				CLANG_ANALYZER_NUMBER_OBJECT_CONVERSION = YES_AGGRESSIVE;
				CLANG_CXX_LANGUAGE_STANDARD = "gnu++17";
				CLANG_CXX_LIBRARY = "libc++";
				CLANG_ENABLE_MODULES = YES;
				CLANG_ENABLE_OBJC_ARC = YES;
				CLANG_ENABLE_OBJC_WEAK = YES;
				CLANG_WARN_BLOCK_CAPTURE_AUTORELEASING = YES;
				CLANG_WARN_BOOL_CONVERSION = YES;
				CLANG_WARN_COMMA = YES;
				CLANG_WARN_CONSTANT_CONVERSION = YES;
				CLANG_WARN_DEPRECATED_OBJC_IMPLEMENTATIONS = YES;
				CLANG_WARN_DIRECT_OBJC_ISA_USAGE = YES_ERROR;
				CLANG_WARN_DOCUMENTATION_COMMENTS = YES;
				CLANG_WARN_EMPTY_BODY = YES;
				CLANG_WARN_ENUM_CONVERSION = YES;
				CLANG_WARN_INFINITE_RECURSION = YES;
				CLANG_WARN_INT_CONVERSION = YES;
				CLANG_WARN_NON_LITERAL_NULL_CONVERSION = YES;
				CLANG_WARN_OBJC_IMPLICIT_RETAIN_SELF = YES;
				CLANG_WARN_OBJC_LITERAL_CONVERSION = YES;
				CLANG_WARN_OBJC_ROOT_CLASS = YES_ERROR;
				CLANG_WARN_QUOTED_INCLUDE_IN_FRAMEWORK_HEADER = YES;
				CLANG_WARN_RANGE_LOOP_ANALYSIS = YES;
				CLANG_WARN_STRICT_PROTOTYPES = YES;
				CLANG_WARN_SUSPICIOUS_MOVE = YES;
				CLANG_WARN_UNGUARDED_AVAILABILITY = YES_AGGRESSIVE;
				CLANG_WARN_UNREACHABLE_CODE = YES;
				CLANG_WARN__DUPLICATE_METHOD_MATCH = YES;
				COPY_PHASE_STRIP = NO;
				DEBUG_INFORMATION_FORMAT = "dwarf-with-dsym";
				ENABLE_NS_ASSERTIONS = NO;
				ENABLE_STRICT_OBJC_MSGSEND = YES;
				GCC_C_LANGUAGE_STANDARD = gnu11;
				GCC_NO_COMMON_BLOCKS = YES;
				GCC_WARN_64_TO_32_BIT_CONVERSION = YES;
				GCC_WARN_ABOUT_RETURN_TYPE = YES_ERROR;
				GCC_WARN_UNDECLARED_SELECTOR = YES;
				GCC_WARN_UNINITIALIZED_AUTOS = YES_AGGRESSIVE;
				GCC_WARN_UNUSED_FUNCTION = YES;
				GCC_WARN_UNUSED_VARIABLE = YES;
				IPHONEOS_DEPLOYMENT_TARGET = 15.2;
				MTL_ENABLE_DEBUG_INFO = NO;
				MTL_FAST_MATH = YES;
				SDKROOT = iphoneos;
				SWIFT_COMPILATION_MODE = wholemodule;
				SWIFT_OPTIMIZATION_LEVEL = "-O";
				VALIDATE_PRODUCT = YES;
			};
			name = Release;
		};
		D7CF6DDB27DE28910010949B /* Debug */ = {
			isa = XCBuildConfiguration;
			buildSettings = {
				ASSETCATALOG_COMPILER_APPICON_NAME = AppIcon;
				ASSETCATALOG_COMPILER_GLOBAL_ACCENT_COLOR_NAME = AccentColor;
				CODE_SIGN_STYLE = Automatic;
				CURRENT_PROJECT_VERSION = 1;
				DEVELOPMENT_ASSET_PATHS = "\"MobileTuringMachine/Preview Content\"";
				DEVELOPMENT_TEAM = AUP52MS6LU;
				ENABLE_PREVIEWS = YES;
				GENERATE_INFOPLIST_FILE = YES;
				INFOPLIST_FILE = "MobileTuringMachine/Supporting Files/Info.plist";
				INFOPLIST_KEY_LSSupportsOpeningDocumentsInPlace = NO;
				INFOPLIST_KEY_UIApplicationSceneManifest_Generation = YES;
				INFOPLIST_KEY_UIApplicationSupportsIndirectInputEvents = YES;
				INFOPLIST_KEY_UILaunchScreen_Generation = YES;
				INFOPLIST_KEY_UISupportedInterfaceOrientations_iPad = "UIInterfaceOrientationPortrait UIInterfaceOrientationPortraitUpsideDown UIInterfaceOrientationLandscapeLeft UIInterfaceOrientationLandscapeRight";
				INFOPLIST_KEY_UISupportedInterfaceOrientations_iPhone = UIInterfaceOrientationPortrait;
				IPHONEOS_DEPLOYMENT_TARGET = 15.0;
				LD_RUNPATH_SEARCH_PATHS = (
					"$(inherited)",
					"@executable_path/Frameworks",
				);
				MARKETING_VERSION = 1.0;
				PRODUCT_BUNDLE_IDENTIFIER = ru.swiftui.MobileTuringMachine;
				PRODUCT_NAME = "$(TARGET_NAME)";
				SWIFT_EMIT_LOC_STRINGS = YES;
				SWIFT_VERSION = 5.0;
				TARGETED_DEVICE_FAMILY = "1,2";
			};
			name = Debug;
		};
		D7CF6DDC27DE28910010949B /* Release */ = {
			isa = XCBuildConfiguration;
			buildSettings = {
				ASSETCATALOG_COMPILER_APPICON_NAME = AppIcon;
				ASSETCATALOG_COMPILER_GLOBAL_ACCENT_COLOR_NAME = AccentColor;
				CODE_SIGN_STYLE = Automatic;
				CURRENT_PROJECT_VERSION = 1;
				DEVELOPMENT_ASSET_PATHS = "\"MobileTuringMachine/Preview Content\"";
				DEVELOPMENT_TEAM = AUP52MS6LU;
				ENABLE_PREVIEWS = YES;
				GENERATE_INFOPLIST_FILE = YES;
				INFOPLIST_FILE = "MobileTuringMachine/Supporting Files/Info.plist";
				INFOPLIST_KEY_LSSupportsOpeningDocumentsInPlace = NO;
				INFOPLIST_KEY_UIApplicationSceneManifest_Generation = YES;
				INFOPLIST_KEY_UIApplicationSupportsIndirectInputEvents = YES;
				INFOPLIST_KEY_UILaunchScreen_Generation = YES;
				INFOPLIST_KEY_UISupportedInterfaceOrientations_iPad = "UIInterfaceOrientationPortrait UIInterfaceOrientationPortraitUpsideDown UIInterfaceOrientationLandscapeLeft UIInterfaceOrientationLandscapeRight";
				INFOPLIST_KEY_UISupportedInterfaceOrientations_iPhone = UIInterfaceOrientationPortrait;
				IPHONEOS_DEPLOYMENT_TARGET = 15.0;
				LD_RUNPATH_SEARCH_PATHS = (
					"$(inherited)",
					"@executable_path/Frameworks",
				);
				MARKETING_VERSION = 1.0;
				PRODUCT_BUNDLE_IDENTIFIER = ru.swiftui.MobileTuringMachine;
				PRODUCT_NAME = "$(TARGET_NAME)";
				SWIFT_EMIT_LOC_STRINGS = YES;
				SWIFT_VERSION = 5.0;
				TARGETED_DEVICE_FAMILY = "1,2";
			};
			name = Release;
		};
/* End XCBuildConfiguration section */

/* Begin XCConfigurationList section */
		D7CF6DC727DE288A0010949B /* Build configuration list for PBXProject "MobileTuringMachine" */ = {
			isa = XCConfigurationList;
			buildConfigurations = (
				D7CF6DD827DE28910010949B /* Debug */,
				D7CF6DD927DE28910010949B /* Release */,
			);
			defaultConfigurationIsVisible = 0;
			defaultConfigurationName = Release;
		};
		D7CF6DDA27DE28910010949B /* Build configuration list for PBXNativeTarget "MobileTuringMachine" */ = {
			isa = XCConfigurationList;
			buildConfigurations = (
				D7CF6DDB27DE28910010949B /* Debug */,
				D7CF6DDC27DE28910010949B /* Release */,
			);
			defaultConfigurationIsVisible = 0;
			defaultConfigurationName = Release;
		};
/* End XCConfigurationList section */

/* Begin XCVersionGroup section */
		D7312B262866234C00AF5261 /* AlgorithmsData.xcdatamodeld */ = {
			isa = XCVersionGroup;
			children = (
				D7312B272866234D00AF5261 /* AlgorithmsData.xcdatamodel */,
			);
			currentVersion = D7312B272866234D00AF5261 /* AlgorithmsData.xcdatamodel */;
			path = AlgorithmsData.xcdatamodeld;
			sourceTree = "<group>";
			versionGroupType = wrapper.xcdatamodel;
		};
/* End XCVersionGroup section */
	};
	rootObject = D7CF6DC427DE288A0010949B /* Project object */;
}
